
Microsoft Visual Studio Solution File, Format Version 11.00
# Visual Studio 2010
Project("{FAE04EC0-301F-11D3-BF4B-00C04F79EFBC}") = "QFramework.CoreKit", "QFramework.CoreKit.csproj", "{5D1BE356-4DE0-BE70-546B-FC369CC28E52}"
EndProject
Project("{FAE04EC0-301F-11D3-BF4B-00C04F79EFBC}") = "UIKit", "UIKit.csproj", "{A0839AA5-C845-E4CD-38F4-1F8822144D5C}"
EndProject
Project("{FAE04EC0-301F-11D3-BF4B-00C04F79EFBC}") = "Assembly-CSharp", "Assembly-CSharp.csproj", "{770D7940-2216-B4EF-21F7-F1E410C29711}"
EndProject
Project("{FAE04EC0-301F-11D3-BF4B-00C04F79EFBC}") = "AudioKit", "AudioKit.csproj", "{7702569A-9FA9-7474-0C40-71A5EC42F6A5}"
EndProject
Project("{FAE04EC0-301F-11D3-BF4B-00C04F79EFBC}") = "ResKit", "ResKit.csproj", "{FA13AD4F-01EC-C5C0-6BCF-B9C4B59A824F}"
EndProject
Project("{FAE04EC0-301F-11D3-BF4B-00C04F79EFBC}") = "QFramework", "QFramework.csproj", "{B2C55912-92E6-DE6D-1B2F-4C1D8494F1E5}"
EndProject
Project("{FAE04EC0-301F-11D3-BF4B-00C04F79EFBC}") = "PackageKit", "PackageKit.csproj", "{85F57638-75BF-11CF-0A22-FA806649D8D0}"
EndProject
Project("{FAE04EC0-301F-11D3-BF4B-00C04F79EFBC}") = "UIKit.Editor", "UIKit.Editor.csproj", "{C19C213E-73EA-BD68-FC6F-5FA494FC02E8}"
EndProject
Project("{FAE04EC0-301F-11D3-BF4B-00C04F79EFBC}") = "ResKit.Editor", "ResKit.Editor.csproj", "{88FBB556-0DAD-C18F-A689-2CC033F5099E}"
EndProject
Project("{FAE04EC0-301F-11D3-BF4B-00C04F79EFBC}") = "Assembly-CSharp-Editor", "Assembly-CSharp-Editor.csproj", "{5936A40B-F80F-7323-FA53-94D91DFB55D3}"
EndProject
Global
	GlobalSection(SolutionConfigurationPlatforms) = preSolution
		Debug|Any CPU = Debug|Any CPU
		Release|Any CPU = Release|Any CPU
	EndGlobalSection
	GlobalSection(ProjectConfigurationPlatforms) = postSolution
		{5D1BE356-4DE0-BE70-546B-FC369CC28E52}.Debug|Any CPU.ActiveCfg = Debug|Any CPU
		{5D1BE356-4DE0-BE70-546B-FC369CC28E52}.Debug|Any CPU.Build.0 = Debug|Any CPU
		{5D1BE356-4DE0-BE70-546B-FC369CC28E52}.Release|Any CPU.ActiveCfg = Release|Any CPU
		{5D1BE356-4DE0-BE70-546B-FC369CC28E52}.Release|Any CPU.Build.0 = Release|Any CPU
		{A0839AA5-C845-E4CD-38F4-1F8822144D5C}.Debug|Any CPU.ActiveCfg = Debug|Any CPU
		{A0839AA5-C845-E4CD-38F4-1F8822144D5C}.Debug|Any CPU.Build.0 = Debug|Any CPU
		{A0839AA5-C845-E4CD-38F4-1F8822144D5C}.Release|Any CPU.ActiveCfg = Release|Any CPU
		{A0839AA5-C845-E4CD-38F4-1F8822144D5C}.Release|Any CPU.Build.0 = Release|Any CPU
		{770D7940-2216-B4EF-21F7-F1E410C29711}.Debug|Any CPU.ActiveCfg = Debug|Any CPU
		{770D7940-2216-B4EF-21F7-F1E410C29711}.Debug|Any CPU.Build.0 = Debug|Any CPU
		{770D7940-2216-B4EF-21F7-F1E410C29711}.Release|Any CPU.ActiveCfg = Release|Any CPU
		{770D7940-2216-B4EF-21F7-F1E410C29711}.Release|Any CPU.Build.0 = Release|Any CPU
		{7702569A-9FA9-7474-0C40-71A5EC42F6A5}.Debug|Any CPU.ActiveCfg = Debug|Any CPU
		{7702569A-9FA9-7474-0C40-71A5EC42F6A5}.Debug|Any CPU.Build.0 = Debug|Any CPU
		{7702569A-9FA9-7474-0C40-71A5EC42F6A5}.Release|Any CPU.ActiveCfg = Release|Any CPU
		{7702569A-9FA9-7474-0C40-71A5EC42F6A5}.Release|Any CPU.Build.0 = Release|Any CPU
		{FA13AD4F-01EC-C5C0-6BCF-B9C4B59A824F}.Debug|Any CPU.ActiveCfg = Debug|Any CPU
		{FA13AD4F-01EC-C5C0-6BCF-B9C4B59A824F}.Debug|Any CPU.Build.0 = Debug|Any CPU
		{FA13AD4F-01EC-C5C0-6BCF-B9C4B59A824F}.Release|Any CPU.ActiveCfg = Release|Any CPU
		{FA13AD4F-01EC-C5C0-6BCF-B9C4B59A824F}.Release|Any CPU.Build.0 = Release|Any CPU
		{B2C55912-92E6-DE6D-1B2F-4C1D8494F1E5}.Debug|Any CPU.ActiveCfg = Debug|Any CPU
		{B2C55912-92E6-DE6D-1B2F-4C1D8494F1E5}.Debug|Any CPU.Build.0 = Debug|Any CPU
		{B2C55912-92E6-DE6D-1B2F-4C1D8494F1E5}.Release|Any CPU.ActiveCfg = Release|Any CPU
		{B2C55912-92E6-DE6D-1B2F-4C1D8494F1E5}.Release|Any CPU.Build.0 = Release|Any CPU
		{85F57638-75BF-11CF-0A22-FA806649D8D0}.Debug|Any CPU.ActiveCfg = Debug|Any CPU
		{85F57638-75BF-11CF-0A22-FA806649D8D0}.Debug|Any CPU.Build.0 = Debug|Any CPU
		{85F57638-75BF-11CF-0A22-FA806649D8D0}.Release|Any CPU.ActiveCfg = Release|Any CPU
		{85F57638-75BF-11CF-0A22-FA806649D8D0}.Release|Any CPU.Build.0 = Release|Any CPU
		{C19C213E-73EA-BD68-FC6F-5FA494FC02E8}.Debug|Any CPU.ActiveCfg = Debug|Any CPU
		{C19C213E-73EA-BD68-FC6F-5FA494FC02E8}.Debug|Any CPU.Build.0 = Debug|Any CPU
		{C19C213E-73EA-BD68-FC6F-5FA494FC02E8}.Release|Any CPU.ActiveCfg = Release|Any CPU
		{C19C213E-73EA-BD68-FC6F-5FA494FC02E8}.Release|Any CPU.Build.0 = Release|Any CPU
		{88FBB556-0DAD-C18F-A689-2CC033F5099E}.Debug|Any CPU.ActiveCfg = Debug|Any CPU
		{88FBB556-0DAD-C18F-A689-2CC033F5099E}.Debug|Any CPU.Build.0 = Debug|Any CPU
		{88FBB556-0DAD-C18F-A689-2CC033F5099E}.Release|Any CPU.ActiveCfg = Release|Any CPU
		{88FBB556-0DAD-C18F-A689-2CC033F5099E}.Release|Any CPU.Build.0 = Release|Any CPU
		{5936A40B-F80F-7323-FA53-94D91DFB55D3}.Debug|Any CPU.ActiveCfg = Debug|Any CPU
		{5936A40B-F80F-7323-FA53-94D91DFB55D3}.Debug|Any CPU.Build.0 = Debug|Any CPU
		{5936A40B-F80F-7323-FA53-94D91DFB55D3}.Release|Any CPU.ActiveCfg = Release|Any CPU
		{5936A40B-F80F-7323-FA53-94D91DFB55D3}.Release|Any CPU.Build.0 = Release|Any CPU
	EndGlobalSection
	GlobalSection(SolutionProperties) = preSolution
		HideSolutionNode = FALSE
	EndGlobalSection
	GlobalSection(MonoDevelopProperties) = preSolution
		StartupItem = Assembly-CSharp.csproj
	EndGlobalSection
EndGlobal
