
Microsoft Visual Studio Solution File, Format Version 12.00
# Visual Studio Version 16
VisualStudioVersion = 16.0.28803.202
MinimumVisualStudioVersion = 10.0.40219.1
Project("{FAE04EC0-301F-11D3-BF4B-00C04F79EFBC}") = "QFramework.NetStandard21", "PlatformSupport\QFramework.NetStandard21.csproj", "{4C72234F-1E09-4A11-9A99-D5EA517D153F}"
EndProject
Project("{FAE04EC0-301F-11D3-BF4B-00C04F79EFBC}") = "QFramework.Unity.Runtime", "QFramework\QFramework.Unity.Runtime\QFramework.Unity.Runtime.csproj", "{97CC697F-630C-4834-9136-6A39C5F0261E}"
EndProject
Project("{FAE04EC0-301F-11D3-BF4B-00C04F79EFBC}") = "QFramework.Unity.Editor", "QFramework\QFramework.Unity.Editor\QFramework.Unity.Editor.csproj", "{DB3F61A9-DA28-4814-9E8D-9C72ED846A3B}"
EndProject
Project("{FAE04EC0-301F-11D3-BF4B-00C04F79EFBC}") = "QFramework.Unity.Testing", "QFramework\QFramework.Unity.Testing\QFramework.Unity.Testing.csproj", "{CF6B1B06-BAE9-4D3D-AA42-AC0C368F104C}"
EndProject
Global
	GlobalSection(SolutionConfigurationPlatforms) = preSolution
		Debug|Any CPU = Debug|Any CPU
		Release|Any CPU = Release|Any CPU
	EndGlobalSection
	GlobalSection(ProjectConfigurationPlatforms) = postSolution
		{4C72234F-1E09-4A11-9A99-D5EA517D153F}.Debug|Any CPU.ActiveCfg = Debug|Any CPU
		{4C72234F-1E09-4A11-9A99-D5EA517D153F}.Debug|Any CPU.Build.0 = Debug|Any CPU
		{4C72234F-1E09-4A11-9A99-D5EA517D153F}.Release|Any CPU.ActiveCfg = Release|Any CPU
		{4C72234F-1E09-4A11-9A99-D5EA517D153F}.Release|Any CPU.Build.0 = Release|Any CPU
		{97CC697F-630C-4834-9136-6A39C5F0261E}.Debug|Any CPU.ActiveCfg = Debug|Any CPU
		{97CC697F-630C-4834-9136-6A39C5F0261E}.Debug|Any CPU.Build.0 = Debug|Any CPU
		{97CC697F-630C-4834-9136-6A39C5F0261E}.Release|Any CPU.ActiveCfg = Release|Any CPU
		{97CC697F-630C-4834-9136-6A39C5F0261E}.Release|Any CPU.Build.0 = Release|Any CPU
		{DB3F61A9-DA28-4814-9E8D-9C72ED846A3B}.Debug|Any CPU.ActiveCfg = Debug|Any CPU
		{DB3F61A9-DA28-4814-9E8D-9C72ED846A3B}.Debug|Any CPU.Build.0 = Debug|Any CPU
		{DB3F61A9-DA28-4814-9E8D-9C72ED846A3B}.Release|Any CPU.ActiveCfg = Release|Any CPU
		{DB3F61A9-DA28-4814-9E8D-9C72ED846A3B}.Release|Any CPU.Build.0 = Release|Any CPU
		{CF6B1B06-BAE9-4D3D-AA42-AC0C368F104C}.Debug|Any CPU.ActiveCfg = Debug|Any CPU
		{CF6B1B06-BAE9-4D3D-AA42-AC0C368F104C}.Debug|Any CPU.Build.0 = Debug|Any CPU
		{CF6B1B06-BAE9-4D3D-AA42-AC0C368F104C}.Release|Any CPU.ActiveCfg = Release|Any CPU
		{CF6B1B06-BAE9-4D3D-AA42-AC0C368F104C}.Release|Any CPU.Build.0 = Release|Any CPU
	EndGlobalSection
	GlobalSection(SolutionProperties) = preSolution
		HideSolutionNode = FALSE
	EndGlobalSection
	GlobalSection(ExtensibilityGlobals) = postSolution
		SolutionGuid = {C9FE37CC-C19B-4C35-A093-03578C567222}
	EndGlobalSection
EndGlobal
