Microsoft Visual Studio Solution File, Format Version 12.00
# Visual Studio 2012
Project("{FAE04EC0-301F-11D3-BF4B-00C04F79EFBC}") = "Q Framework.godot 4.net", "Q Framework.godot 4.net.csproj", "{88EBFDD2-2904-488D-929C-8851B52B92B5}"
EndProject
Global
	GlobalSection(SolutionConfigurationPlatforms) = preSolution
	Debug|Any CPU = Debug|Any CPU
	ExportDebug|Any CPU = ExportDebug|Any CPU
	ExportRelease|Any CPU = ExportRelease|Any CPU
	EndGlobalSection
	GlobalSection(ProjectConfigurationPlatforms) = postSolution
		{88EBFDD2-2904-488D-929C-8851B52B92B5}.Debug|Any CPU.ActiveCfg = Debug|Any CPU
		{88EBFDD2-2904-488D-929C-8851B52B92B5}.Debug|Any CPU.Build.0 = Debug|Any CPU
		{88EBFDD2-2904-488D-929C-8851B52B92B5}.ExportDebug|Any CPU.ActiveCfg = ExportDebug|Any CPU
		{88EBFDD2-2904-488D-929C-8851B52B92B5}.ExportDebug|Any CPU.Build.0 = ExportDebug|Any CPU
		{88EBFDD2-2904-488D-929C-8851B52B92B5}.ExportRelease|Any CPU.ActiveCfg = ExportRelease|Any CPU
		{88EBFDD2-2904-488D-929C-8851B52B92B5}.ExportRelease|Any CPU.Build.0 = ExportRelease|Any CPU
	EndGlobalSection
EndGlobal
