
Microsoft Visual Studio Solution File, Format Version 12.00
# Visual Studio 15
Project("{FAE04EC0-301F-11D3-BF4B-00C04F79EFBC}") = "Assembly-CSharp", "Assembly-CSharp.csproj", "{40FCA59B-A138-4373-AD86-BFF5F3AC2F10}"
EndProject
Project("{FAE04EC0-301F-11D3-BF4B-00C04F79EFBC}") = "Assembly-CSharp-Editor", "Assembly-CSharp-Editor.csproj", "{05B0F8A0-1772-EC74-7212-3EBB325E845C}"
EndProject
Global
	GlobalSection(SolutionConfigurationPlatforms) = preSolution
		Debug|Any CPU = Debug|Any CPU
		Release|Any CPU = Release|Any CPU
	EndGlobalSection
	GlobalSection(ProjectConfigurationPlatforms) = postSolution
		{40FCA59B-A138-4373-AD86-BFF5F3AC2F10}.Debug|Any CPU.ActiveCfg = Debug|Any CPU
		{40FCA59B-A138-4373-AD86-BFF5F3AC2F10}.Debug|Any CPU.Build.0 = Debug|Any CPU
		{40FCA59B-A138-4373-AD86-BFF5F3AC2F10}.Release|Any CPU.ActiveCfg = Release|Any CPU
		{40FCA59B-A138-4373-AD86-BFF5F3AC2F10}.Release|Any CPU.Build.0 = Release|Any CPU
		{05B0F8A0-1772-EC74-7212-3EBB325E845C}.Debug|Any CPU.ActiveCfg = Debug|Any CPU
		{05B0F8A0-1772-EC74-7212-3EBB325E845C}.Debug|Any CPU.Build.0 = Debug|Any CPU
		{05B0F8A0-1772-EC74-7212-3EBB325E845C}.Release|Any CPU.ActiveCfg = Release|Any CPU
		{05B0F8A0-1772-EC74-7212-3EBB325E845C}.Release|Any CPU.Build.0 = Release|Any CPU
	EndGlobalSection
	GlobalSection(SolutionProperties) = preSolution
		HideSolutionNode = FALSE
	EndGlobalSection
	GlobalSection(MonoDevelopProperties) = preSolution
		StartupItem = Assembly-CSharp.csproj
	EndGlobalSection
EndGlobal
