
Microsoft Visual Studio Solution File, Format Version 11.00
# Visual Studio 2010
Project("{FAE04EC0-301F-11D3-BF4B-00C04F79EFBC}") = "Assembly-CSharp", "Assembly-CSharp.csproj", "{f6abb048-0ca4-0fc2-4b17-9e7be0a1c0ab}"
EndProject
Project("{FAE04EC0-301F-11D3-BF4B-00C04F79EFBC}") = "Assembly-CSharp-Editor", "Assembly-CSharp-Editor.csproj", "{43c37fa4-a7aa-36e0-2674-9126ba09c2d7}"
EndProject
Global
	GlobalSection(SolutionConfigurationPlatforms) = preSolution
		Debug|Any CPU = Debug|Any CPU
		Release|Any CPU = Release|Any CPU
	EndGlobalSection
	GlobalSection(ProjectConfigurationPlatforms) = postSolution
		{f6abb048-0ca4-0fc2-4b17-9e7be0a1c0ab}.Debug|Any CPU.ActiveCfg = Debug|Any CPU
		{f6abb048-0ca4-0fc2-4b17-9e7be0a1c0ab}.Debug|Any CPU.Build.0 = Debug|Any CPU
		{f6abb048-0ca4-0fc2-4b17-9e7be0a1c0ab}.Release|Any CPU.ActiveCfg = Release|Any CPU
		{f6abb048-0ca4-0fc2-4b17-9e7be0a1c0ab}.Release|Any CPU.Build.0 = Release|Any CPU
		{43c37fa4-a7aa-36e0-2674-9126ba09c2d7}.Debug|Any CPU.ActiveCfg = Debug|Any CPU
		{43c37fa4-a7aa-36e0-2674-9126ba09c2d7}.Debug|Any CPU.Build.0 = Debug|Any CPU
		{43c37fa4-a7aa-36e0-2674-9126ba09c2d7}.Release|Any CPU.ActiveCfg = Release|Any CPU
		{43c37fa4-a7aa-36e0-2674-9126ba09c2d7}.Release|Any CPU.Build.0 = Release|Any CPU
	EndGlobalSection
	GlobalSection(SolutionProperties) = preSolution
		HideSolutionNode = FALSE
	EndGlobalSection
EndGlobal
