
Microsoft Visual Studio Solution File, Format Version 12.00
# Visual Studio 15
Project("{FAE04EC0-301F-11D3-BF4B-00C04F79EFBC}") = "Assembly-CSharp", "Assembly-CSharp.csproj", "{48B0ABF6-A40C-C20F-4B17-9E7BE0A1C0AB}"
EndProject
Project("{FAE04EC0-301F-11D3-BF4B-00C04F79EFBC}") = "Assembly-CSharp-Editor", "Assembly-CSharp-Editor.csproj", "{A47FC343-AAA7-E036-2674-9126BA09C2D7}"
EndProject
Global
	GlobalSection(SolutionConfigurationPlatforms) = preSolution
		Debug|Any CPU = Debug|Any CPU
		Release|Any CPU = Release|Any CPU
	EndGlobalSection
	GlobalSection(ProjectConfigurationPlatforms) = postSolution
		{48B0ABF6-A40C-C20F-4B17-9E7BE0A1C0AB}.Debug|Any CPU.ActiveCfg = Debug|Any CPU
		{48B0ABF6-A40C-C20F-4B17-9E7BE0A1C0AB}.Debug|Any CPU.Build.0 = Debug|Any CPU
		{48B0ABF6-A40C-C20F-4B17-9E7BE0A1C0AB}.Release|Any CPU.ActiveCfg = Release|Any CPU
		{48B0ABF6-A40C-C20F-4B17-9E7BE0A1C0AB}.Release|Any CPU.Build.0 = Release|Any CPU
		{A47FC343-AAA7-E036-2674-9126BA09C2D7}.Debug|Any CPU.ActiveCfg = Debug|Any CPU
		{A47FC343-AAA7-E036-2674-9126BA09C2D7}.Debug|Any CPU.Build.0 = Debug|Any CPU
		{A47FC343-AAA7-E036-2674-9126BA09C2D7}.Release|Any CPU.ActiveCfg = Release|Any CPU
		{A47FC343-AAA7-E036-2674-9126BA09C2D7}.Release|Any CPU.Build.0 = Release|Any CPU
	EndGlobalSection
	GlobalSection(SolutionProperties) = preSolution
		HideSolutionNode = FALSE
	EndGlobalSection
EndGlobal
