Microsoft Visual Studio Solution File, Format Version 11.00
# Visual Studio 2010
Project("{FAE04EC0-301F-11D3-BF4B-00C04F79EFBC}") = "Assembly-CSharp", "Assembly-CSharp.csproj", "{7ECF86C4-7B61-5378-AB62-9016E7A65396}"
EndProject
Project("{FAE04EC0-301F-11D3-BF4B-00C04F79EFBC}") = "UniRx", "UniRx.csproj", "{6209E151-2F54-533F-26DC-7DD9A5059E24}"
EndProject
Project("{FAE04EC0-301F-11D3-BF4B-00C04F79EFBC}") = "QF.Redux", "QF.Redux.csproj", "{218033A3-20A4-47CA-6C80-911E4CA2E6D8}"
EndProject
Project("{FAE04EC0-301F-11D3-BF4B-00C04F79EFBC}") = "QFramework.ResKit", "QFramework.ResKit.csproj", "{350C57D8-4FA2-19BE-42BB-877946AFE860}"
EndProject
Project("{FAE04EC0-301F-11D3-BF4B-00C04F79EFBC}") = "QFramework.CSharpExtension", "QFramework.CSharpExtension.csproj", "{27397DBD-7462-A5A0-24A4-E77AAE66FA00}"
EndProject
Project("{FAE04EC0-301F-11D3-BF4B-00C04F79EFBC}") = "QFramework.RefCounter", "QFramework.RefCounter.csproj", "{E58785FD-14E5-B59B-9657-2354D9680094}"
EndProject
Project("{FAE04EC0-301F-11D3-BF4B-00C04F79EFBC}") = "QFramework.FSM", "QFramework.FSM.csproj", "{F3FC5134-7B7F-E451-BFF4-BBF39DEFCD37}"
EndProject
Project("{FAE04EC0-301F-11D3-BF4B-00C04F79EFBC}") = "QFramework.Pool", "QFramework.Pool.csproj", "{B7B1BFE5-E958-9A6C-9A50-995683665B14}"
EndProject
Project("{FAE04EC0-301F-11D3-BF4B-00C04F79EFBC}") = "QFramework.ActionKit", "QFramework.ActionKit.csproj", "{BF822335-8410-DB03-2E23-4A0552D2898F}"
EndProject
Project("{FAE04EC0-301F-11D3-BF4B-00C04F79EFBC}") = "QFramework.TypeEventSystem", "QFramework.TypeEventSystem.csproj", "{85E2E535-DDE6-85F5-E333-52310B3181B3}"
EndProject
Project("{FAE04EC0-301F-11D3-BF4B-00C04F79EFBC}") = "QFramework.Device", "QFramework.Device.csproj", "{7AF3F367-93AA-CE8F-60A9-9FD6441410AC}"
EndProject
Project("{FAE04EC0-301F-11D3-BF4B-00C04F79EFBC}") = "QFramework.EventSystem", "QFramework.EventSystem.csproj", "{B3926295-6CF8-80AB-E548-476F769F02CA}"
EndProject
Project("{FAE04EC0-301F-11D3-BF4B-00C04F79EFBC}") = "QFramework.IOC", "QFramework.IOC.csproj", "{7AB8D370-ACB7-20C8-E286-E7F8AE566EF8}"
EndProject
Project("{FAE04EC0-301F-11D3-BF4B-00C04F79EFBC}") = "QFramework.Singleton", "QFramework.Singleton.csproj", "{48F5B6FD-6ACF-B926-1BD8-2221B5AD61C9}"
EndProject
Project("{FAE04EC0-301F-11D3-BF4B-00C04F79EFBC}") = "Assembly-CSharp-Editor", "Assembly-CSharp-Editor.csproj", "{7594CF2D-17C0-77C2-9DA9-F4596ACF9234}"
EndProject
Project("{FAE04EC0-301F-11D3-BF4B-00C04F79EFBC}") = "QFramework.BindKit", "QFramework.BindKit.csproj", "{A57DECC0-034E-F21D-0EDC-562C9E846DEF}"
EndProject
Project("{FAE04EC0-301F-11D3-BF4B-00C04F79EFBC}") = "QFramework.PackageKit", "QFramework.PackageKit.csproj", "{CD787851-094B-77D3-494F-027BDD6D2687}"
EndProject
Global
	GlobalSection(SolutionConfigurationPlatforms) = preSolution
		Debug|Any CPU = Debug|Any CPU
		Release|Any CPU = Release|Any CPU
	EndGlobalSection
	GlobalSection(ProjectConfigurationPlatforms) = postSolution
		{7ECF86C4-7B61-5378-AB62-9016E7A65396}.Debug|Any CPU.ActiveCfg = Debug|Any CPU
		{7ECF86C4-7B61-5378-AB62-9016E7A65396}.Debug|Any CPU.Build.0 = Debug|Any CPU
		{7ECF86C4-7B61-5378-AB62-9016E7A65396}.Release|Any CPU.ActiveCfg = Release|Any CPU
		{7ECF86C4-7B61-5378-AB62-9016E7A65396}.Release|Any CPU.Build.0 = Release|Any CPU
		{6209E151-2F54-533F-26DC-7DD9A5059E24}.Debug|Any CPU.ActiveCfg = Debug|Any CPU
		{6209E151-2F54-533F-26DC-7DD9A5059E24}.Debug|Any CPU.Build.0 = Debug|Any CPU
		{6209E151-2F54-533F-26DC-7DD9A5059E24}.Release|Any CPU.ActiveCfg = Release|Any CPU
		{6209E151-2F54-533F-26DC-7DD9A5059E24}.Release|Any CPU.Build.0 = Release|Any CPU
		{218033A3-20A4-47CA-6C80-911E4CA2E6D8}.Debug|Any CPU.ActiveCfg = Debug|Any CPU
		{218033A3-20A4-47CA-6C80-911E4CA2E6D8}.Debug|Any CPU.Build.0 = Debug|Any CPU
		{218033A3-20A4-47CA-6C80-911E4CA2E6D8}.Release|Any CPU.ActiveCfg = Release|Any CPU
		{218033A3-20A4-47CA-6C80-911E4CA2E6D8}.Release|Any CPU.Build.0 = Release|Any CPU
		{350C57D8-4FA2-19BE-42BB-877946AFE860}.Debug|Any CPU.ActiveCfg = Debug|Any CPU
		{350C57D8-4FA2-19BE-42BB-877946AFE860}.Debug|Any CPU.Build.0 = Debug|Any CPU
		{350C57D8-4FA2-19BE-42BB-877946AFE860}.Release|Any CPU.ActiveCfg = Release|Any CPU
		{350C57D8-4FA2-19BE-42BB-877946AFE860}.Release|Any CPU.Build.0 = Release|Any CPU
		{27397DBD-7462-A5A0-24A4-E77AAE66FA00}.Debug|Any CPU.ActiveCfg = Debug|Any CPU
		{27397DBD-7462-A5A0-24A4-E77AAE66FA00}.Debug|Any CPU.Build.0 = Debug|Any CPU
		{27397DBD-7462-A5A0-24A4-E77AAE66FA00}.Release|Any CPU.ActiveCfg = Release|Any CPU
		{27397DBD-7462-A5A0-24A4-E77AAE66FA00}.Release|Any CPU.Build.0 = Release|Any CPU
		{E58785FD-14E5-B59B-9657-2354D9680094}.Debug|Any CPU.ActiveCfg = Debug|Any CPU
		{E58785FD-14E5-B59B-9657-2354D9680094}.Debug|Any CPU.Build.0 = Debug|Any CPU
		{E58785FD-14E5-B59B-9657-2354D9680094}.Release|Any CPU.ActiveCfg = Release|Any CPU
		{E58785FD-14E5-B59B-9657-2354D9680094}.Release|Any CPU.Build.0 = Release|Any CPU
		{F3FC5134-7B7F-E451-BFF4-BBF39DEFCD37}.Debug|Any CPU.ActiveCfg = Debug|Any CPU
		{F3FC5134-7B7F-E451-BFF4-BBF39DEFCD37}.Debug|Any CPU.Build.0 = Debug|Any CPU
		{F3FC5134-7B7F-E451-BFF4-BBF39DEFCD37}.Release|Any CPU.ActiveCfg = Release|Any CPU
		{F3FC5134-7B7F-E451-BFF4-BBF39DEFCD37}.Release|Any CPU.Build.0 = Release|Any CPU
		{B7B1BFE5-E958-9A6C-9A50-995683665B14}.Debug|Any CPU.ActiveCfg = Debug|Any CPU
		{B7B1BFE5-E958-9A6C-9A50-995683665B14}.Debug|Any CPU.Build.0 = Debug|Any CPU
		{B7B1BFE5-E958-9A6C-9A50-995683665B14}.Release|Any CPU.ActiveCfg = Release|Any CPU
		{B7B1BFE5-E958-9A6C-9A50-995683665B14}.Release|Any CPU.Build.0 = Release|Any CPU
		{BF822335-8410-DB03-2E23-4A0552D2898F}.Debug|Any CPU.ActiveCfg = Debug|Any CPU
		{BF822335-8410-DB03-2E23-4A0552D2898F}.Debug|Any CPU.Build.0 = Debug|Any CPU
		{BF822335-8410-DB03-2E23-4A0552D2898F}.Release|Any CPU.ActiveCfg = Release|Any CPU
		{BF822335-8410-DB03-2E23-4A0552D2898F}.Release|Any CPU.Build.0 = Release|Any CPU
		{85E2E535-DDE6-85F5-E333-52310B3181B3}.Debug|Any CPU.ActiveCfg = Debug|Any CPU
		{85E2E535-DDE6-85F5-E333-52310B3181B3}.Debug|Any CPU.Build.0 = Debug|Any CPU
		{85E2E535-DDE6-85F5-E333-52310B3181B3}.Release|Any CPU.ActiveCfg = Release|Any CPU
		{85E2E535-DDE6-85F5-E333-52310B3181B3}.Release|Any CPU.Build.0 = Release|Any CPU
		{7AF3F367-93AA-CE8F-60A9-9FD6441410AC}.Debug|Any CPU.ActiveCfg = Debug|Any CPU
		{7AF3F367-93AA-CE8F-60A9-9FD6441410AC}.Debug|Any CPU.Build.0 = Debug|Any CPU
		{7AF3F367-93AA-CE8F-60A9-9FD6441410AC}.Release|Any CPU.ActiveCfg = Release|Any CPU
		{7AF3F367-93AA-CE8F-60A9-9FD6441410AC}.Release|Any CPU.Build.0 = Release|Any CPU
		{B3926295-6CF8-80AB-E548-476F769F02CA}.Debug|Any CPU.ActiveCfg = Debug|Any CPU
		{B3926295-6CF8-80AB-E548-476F769F02CA}.Debug|Any CPU.Build.0 = Debug|Any CPU
		{B3926295-6CF8-80AB-E548-476F769F02CA}.Release|Any CPU.ActiveCfg = Release|Any CPU
		{B3926295-6CF8-80AB-E548-476F769F02CA}.Release|Any CPU.Build.0 = Release|Any CPU
		{7AB8D370-ACB7-20C8-E286-E7F8AE566EF8}.Debug|Any CPU.ActiveCfg = Debug|Any CPU
		{7AB8D370-ACB7-20C8-E286-E7F8AE566EF8}.Debug|Any CPU.Build.0 = Debug|Any CPU
		{7AB8D370-ACB7-20C8-E286-E7F8AE566EF8}.Release|Any CPU.ActiveCfg = Release|Any CPU
		{7AB8D370-ACB7-20C8-E286-E7F8AE566EF8}.Release|Any CPU.Build.0 = Release|Any CPU
		{48F5B6FD-6ACF-B926-1BD8-2221B5AD61C9}.Debug|Any CPU.ActiveCfg = Debug|Any CPU
		{48F5B6FD-6ACF-B926-1BD8-2221B5AD61C9}.Debug|Any CPU.Build.0 = Debug|Any CPU
		{48F5B6FD-6ACF-B926-1BD8-2221B5AD61C9}.Release|Any CPU.ActiveCfg = Release|Any CPU
		{48F5B6FD-6ACF-B926-1BD8-2221B5AD61C9}.Release|Any CPU.Build.0 = Release|Any CPU
		{7594CF2D-17C0-77C2-9DA9-F4596ACF9234}.Debug|Any CPU.ActiveCfg = Debug|Any CPU
		{7594CF2D-17C0-77C2-9DA9-F4596ACF9234}.Debug|Any CPU.Build.0 = Debug|Any CPU
		{7594CF2D-17C0-77C2-9DA9-F4596ACF9234}.Release|Any CPU.ActiveCfg = Release|Any CPU
		{7594CF2D-17C0-77C2-9DA9-F4596ACF9234}.Release|Any CPU.Build.0 = Release|Any CPU
		{A57DECC0-034E-F21D-0EDC-562C9E846DEF}.Debug|Any CPU.ActiveCfg = Debug|Any CPU
		{A57DECC0-034E-F21D-0EDC-562C9E846DEF}.Debug|Any CPU.Build.0 = Debug|Any CPU
		{A57DECC0-034E-F21D-0EDC-562C9E846DEF}.Release|Any CPU.ActiveCfg = Release|Any CPU
		{A57DECC0-034E-F21D-0EDC-562C9E846DEF}.Release|Any CPU.Build.0 = Release|Any CPU
		{CD787851-094B-77D3-494F-027BDD6D2687}.Debug|Any CPU.ActiveCfg = Debug|Any CPU
		{CD787851-094B-77D3-494F-027BDD6D2687}.Debug|Any CPU.Build.0 = Debug|Any CPU
		{CD787851-094B-77D3-494F-027BDD6D2687}.Release|Any CPU.ActiveCfg = Release|Any CPU
		{CD787851-094B-77D3-494F-027BDD6D2687}.Release|Any CPU.Build.0 = Release|Any CPU
	EndGlobalSection
	GlobalSection(SolutionProperties) = preSolution
		HideSolutionNode = FALSE
	EndGlobalSection
	GlobalSection(MonoDevelopProperties) = preSolution
		StartupItem = Assembly-CSharp.csproj
	EndGlobalSection
EndGlobal
