
Microsoft Visual Studio Solution File, Format Version 12.00
# Visual Studio 15
Project("{FAE04EC0-301F-11D3-BF4B-00C04F79EFBC}") = "UniRx", "UniRx.csproj", "{F88C92BD-4180-3EF8-BD51-5AA2ADDA4ABD}"
EndProject
Project("{FAE04EC0-301F-11D3-BF4B-00C04F79EFBC}") = "QFramework.Core", "QFramework.Core.csproj", "{8602F290-8CE6-AFDF-4381-079DA51FD340}"
EndProject
Project("{FAE04EC0-301F-11D3-BF4B-00C04F79EFBC}") = "Assembly-CSharp", "Assembly-CSharp.csproj", "{BA86E50D-2EF3-8AA5-C1C5-77ECC85254E5}"
EndProject
Project("{FAE04EC0-301F-11D3-BF4B-00C04F79EFBC}") = "QFramework.ResKit", "QFramework.ResKit.csproj", "{80897D58-356F-2DD7-E120-27012A99E70E}"
EndProject
Project("{FAE04EC0-301F-11D3-BF4B-00C04F79EFBC}") = "QF.Redux", "QF.Redux.csproj", "{F9A573A1-5E10-A711-052D-9EA1E029CB19}"
EndProject
Project("{FAE04EC0-301F-11D3-BF4B-00C04F79EFBC}") = "QFramework.Core.Editor", "QFramework.Core.Editor.csproj", "{E6ED62DF-6470-8F2E-4B5B-9BADD793BC9D}"
EndProject
Project("{FAE04EC0-301F-11D3-BF4B-00C04F79EFBC}") = "QFramework.ActionKit", "QFramework.ActionKit.csproj", "{A21EE1AB-88B3-7CA5-B430-967E669DCDDD}"
EndProject
Project("{FAE04EC0-301F-11D3-BF4B-00C04F79EFBC}") = "QFramework.ILRuntime.Editor", "QFramework.ILRuntime.Editor.csproj", "{4C805161-3CBE-4B07-BEC7-64C9818DEED9}"
EndProject
Project("{FAE04EC0-301F-11D3-BF4B-00C04F79EFBC}") = "QFramework.ILRuntime", "QFramework.ILRuntime.csproj", "{C9A7D4DB-B8CC-0886-BFE7-BEABB96B1AE5}"
EndProject
Project("{FAE04EC0-301F-11D3-BF4B-00C04F79EFBC}") = "Game@hotfix", "Game@hotfix.csproj", "{EA9BBB6F-A1B4-1973-DE7A-F21ED5D9B256}"
EndProject
Project("{FAE04EC0-301F-11D3-BF4B-00C04F79EFBC}") = "QFramework.UIKit", "QFramework.UIKit.csproj", "{45AA2DA4-F258-B7B3-A73B-7130CD1F1291}"
EndProject
Project("{FAE04EC0-301F-11D3-BF4B-00C04F79EFBC}") = "QFramework.AudioKit", "QFramework.AudioKit.csproj", "{542ACFE9-227D-9FA5-8F04-2F072C0FE766}"
EndProject
Project("{FAE04EC0-301F-11D3-BF4B-00C04F79EFBC}") = "QFramework", "QFramework.csproj", "{1C42BFDD-F71E-DC35-C29E-D1CBCF18EF73}"
EndProject
Project("{FAE04EC0-301F-11D3-BF4B-00C04F79EFBC}") = "QFramework.ActionKit.Editor", "QFramework.ActionKit.Editor.csproj", "{3EA42602-BE5F-A4EC-8717-AD7EEB885FD1}"
EndProject
Project("{FAE04EC0-301F-11D3-BF4B-00C04F79EFBC}") = "QFramework.UIKit.Editor", "QFramework.UIKit.Editor.csproj", "{98E53475-9A43-D8DF-7E5C-A87007C70A44}"
EndProject
Project("{FAE04EC0-301F-11D3-BF4B-00C04F79EFBC}") = "QFramework.ResKit.Editor", "QFramework.ResKit.Editor.csproj", "{9A463A75-8715-FF53-8157-BEE838B24CA5}"
EndProject
Project("{FAE04EC0-301F-11D3-BF4B-00C04F79EFBC}") = "Assembly-CSharp-Editor", "Assembly-CSharp-Editor.csproj", "{A3E5518B-B147-91D0-F57E-C2F4BCE5394B}"
EndProject
Global
	GlobalSection(SolutionConfigurationPlatforms) = preSolution
		Debug|Any CPU = Debug|Any CPU
		Release|Any CPU = Release|Any CPU
	EndGlobalSection
	GlobalSection(ProjectConfigurationPlatforms) = postSolution
		{F88C92BD-4180-3EF8-BD51-5AA2ADDA4ABD}.Debug|Any CPU.ActiveCfg = Debug|Any CPU
		{F88C92BD-4180-3EF8-BD51-5AA2ADDA4ABD}.Debug|Any CPU.Build.0 = Debug|Any CPU
		{F88C92BD-4180-3EF8-BD51-5AA2ADDA4ABD}.Release|Any CPU.ActiveCfg = Release|Any CPU
		{F88C92BD-4180-3EF8-BD51-5AA2ADDA4ABD}.Release|Any CPU.Build.0 = Release|Any CPU
		{8602F290-8CE6-AFDF-4381-079DA51FD340}.Debug|Any CPU.ActiveCfg = Debug|Any CPU
		{8602F290-8CE6-AFDF-4381-079DA51FD340}.Debug|Any CPU.Build.0 = Debug|Any CPU
		{8602F290-8CE6-AFDF-4381-079DA51FD340}.Release|Any CPU.ActiveCfg = Release|Any CPU
		{8602F290-8CE6-AFDF-4381-079DA51FD340}.Release|Any CPU.Build.0 = Release|Any CPU
		{BA86E50D-2EF3-8AA5-C1C5-77ECC85254E5}.Debug|Any CPU.ActiveCfg = Debug|Any CPU
		{BA86E50D-2EF3-8AA5-C1C5-77ECC85254E5}.Debug|Any CPU.Build.0 = Debug|Any CPU
		{BA86E50D-2EF3-8AA5-C1C5-77ECC85254E5}.Release|Any CPU.ActiveCfg = Release|Any CPU
		{BA86E50D-2EF3-8AA5-C1C5-77ECC85254E5}.Release|Any CPU.Build.0 = Release|Any CPU
		{80897D58-356F-2DD7-E120-27012A99E70E}.Debug|Any CPU.ActiveCfg = Debug|Any CPU
		{80897D58-356F-2DD7-E120-27012A99E70E}.Debug|Any CPU.Build.0 = Debug|Any CPU
		{80897D58-356F-2DD7-E120-27012A99E70E}.Release|Any CPU.ActiveCfg = Release|Any CPU
		{80897D58-356F-2DD7-E120-27012A99E70E}.Release|Any CPU.Build.0 = Release|Any CPU
		{F9A573A1-5E10-A711-052D-9EA1E029CB19}.Debug|Any CPU.ActiveCfg = Debug|Any CPU
		{F9A573A1-5E10-A711-052D-9EA1E029CB19}.Debug|Any CPU.Build.0 = Debug|Any CPU
		{F9A573A1-5E10-A711-052D-9EA1E029CB19}.Release|Any CPU.ActiveCfg = Release|Any CPU
		{F9A573A1-5E10-A711-052D-9EA1E029CB19}.Release|Any CPU.Build.0 = Release|Any CPU
		{E6ED62DF-6470-8F2E-4B5B-9BADD793BC9D}.Debug|Any CPU.ActiveCfg = Debug|Any CPU
		{E6ED62DF-6470-8F2E-4B5B-9BADD793BC9D}.Debug|Any CPU.Build.0 = Debug|Any CPU
		{E6ED62DF-6470-8F2E-4B5B-9BADD793BC9D}.Release|Any CPU.ActiveCfg = Release|Any CPU
		{E6ED62DF-6470-8F2E-4B5B-9BADD793BC9D}.Release|Any CPU.Build.0 = Release|Any CPU
		{A21EE1AB-88B3-7CA5-B430-967E669DCDDD}.Debug|Any CPU.ActiveCfg = Debug|Any CPU
		{A21EE1AB-88B3-7CA5-B430-967E669DCDDD}.Debug|Any CPU.Build.0 = Debug|Any CPU
		{A21EE1AB-88B3-7CA5-B430-967E669DCDDD}.Release|Any CPU.ActiveCfg = Release|Any CPU
		{A21EE1AB-88B3-7CA5-B430-967E669DCDDD}.Release|Any CPU.Build.0 = Release|Any CPU
		{4C805161-3CBE-4B07-BEC7-64C9818DEED9}.Debug|Any CPU.ActiveCfg = Debug|Any CPU
		{4C805161-3CBE-4B07-BEC7-64C9818DEED9}.Debug|Any CPU.Build.0 = Debug|Any CPU
		{4C805161-3CBE-4B07-BEC7-64C9818DEED9}.Release|Any CPU.ActiveCfg = Release|Any CPU
		{4C805161-3CBE-4B07-BEC7-64C9818DEED9}.Release|Any CPU.Build.0 = Release|Any CPU
		{C9A7D4DB-B8CC-0886-BFE7-BEABB96B1AE5}.Debug|Any CPU.ActiveCfg = Debug|Any CPU
		{C9A7D4DB-B8CC-0886-BFE7-BEABB96B1AE5}.Debug|Any CPU.Build.0 = Debug|Any CPU
		{C9A7D4DB-B8CC-0886-BFE7-BEABB96B1AE5}.Release|Any CPU.ActiveCfg = Release|Any CPU
		{C9A7D4DB-B8CC-0886-BFE7-BEABB96B1AE5}.Release|Any CPU.Build.0 = Release|Any CPU
		{EA9BBB6F-A1B4-1973-DE7A-F21ED5D9B256}.Debug|Any CPU.ActiveCfg = Debug|Any CPU
		{EA9BBB6F-A1B4-1973-DE7A-F21ED5D9B256}.Debug|Any CPU.Build.0 = Debug|Any CPU
		{EA9BBB6F-A1B4-1973-DE7A-F21ED5D9B256}.Release|Any CPU.ActiveCfg = Release|Any CPU
		{EA9BBB6F-A1B4-1973-DE7A-F21ED5D9B256}.Release|Any CPU.Build.0 = Release|Any CPU
		{45AA2DA4-F258-B7B3-A73B-7130CD1F1291}.Debug|Any CPU.ActiveCfg = Debug|Any CPU
		{45AA2DA4-F258-B7B3-A73B-7130CD1F1291}.Debug|Any CPU.Build.0 = Debug|Any CPU
		{45AA2DA4-F258-B7B3-A73B-7130CD1F1291}.Release|Any CPU.ActiveCfg = Release|Any CPU
		{45AA2DA4-F258-B7B3-A73B-7130CD1F1291}.Release|Any CPU.Build.0 = Release|Any CPU
		{542ACFE9-227D-9FA5-8F04-2F072C0FE766}.Debug|Any CPU.ActiveCfg = Debug|Any CPU
		{542ACFE9-227D-9FA5-8F04-2F072C0FE766}.Debug|Any CPU.Build.0 = Debug|Any CPU
		{542ACFE9-227D-9FA5-8F04-2F072C0FE766}.Release|Any CPU.ActiveCfg = Release|Any CPU
		{542ACFE9-227D-9FA5-8F04-2F072C0FE766}.Release|Any CPU.Build.0 = Release|Any CPU
		{1C42BFDD-F71E-DC35-C29E-D1CBCF18EF73}.Debug|Any CPU.ActiveCfg = Debug|Any CPU
		{1C42BFDD-F71E-DC35-C29E-D1CBCF18EF73}.Debug|Any CPU.Build.0 = Debug|Any CPU
		{1C42BFDD-F71E-DC35-C29E-D1CBCF18EF73}.Release|Any CPU.ActiveCfg = Release|Any CPU
		{1C42BFDD-F71E-DC35-C29E-D1CBCF18EF73}.Release|Any CPU.Build.0 = Release|Any CPU
		{3EA42602-BE5F-A4EC-8717-AD7EEB885FD1}.Debug|Any CPU.ActiveCfg = Debug|Any CPU
		{3EA42602-BE5F-A4EC-8717-AD7EEB885FD1}.Debug|Any CPU.Build.0 = Debug|Any CPU
		{3EA42602-BE5F-A4EC-8717-AD7EEB885FD1}.Release|Any CPU.ActiveCfg = Release|Any CPU
		{3EA42602-BE5F-A4EC-8717-AD7EEB885FD1}.Release|Any CPU.Build.0 = Release|Any CPU
		{98E53475-9A43-D8DF-7E5C-A87007C70A44}.Debug|Any CPU.ActiveCfg = Debug|Any CPU
		{98E53475-9A43-D8DF-7E5C-A87007C70A44}.Debug|Any CPU.Build.0 = Debug|Any CPU
		{98E53475-9A43-D8DF-7E5C-A87007C70A44}.Release|Any CPU.ActiveCfg = Release|Any CPU
		{98E53475-9A43-D8DF-7E5C-A87007C70A44}.Release|Any CPU.Build.0 = Release|Any CPU
		{9A463A75-8715-FF53-8157-BEE838B24CA5}.Debug|Any CPU.ActiveCfg = Debug|Any CPU
		{9A463A75-8715-FF53-8157-BEE838B24CA5}.Debug|Any CPU.Build.0 = Debug|Any CPU
		{9A463A75-8715-FF53-8157-BEE838B24CA5}.Release|Any CPU.ActiveCfg = Release|Any CPU
		{9A463A75-8715-FF53-8157-BEE838B24CA5}.Release|Any CPU.Build.0 = Release|Any CPU
		{A3E5518B-B147-91D0-F57E-C2F4BCE5394B}.Debug|Any CPU.ActiveCfg = Debug|Any CPU
		{A3E5518B-B147-91D0-F57E-C2F4BCE5394B}.Debug|Any CPU.Build.0 = Debug|Any CPU
		{A3E5518B-B147-91D0-F57E-C2F4BCE5394B}.Release|Any CPU.ActiveCfg = Release|Any CPU
		{A3E5518B-B147-91D0-F57E-C2F4BCE5394B}.Release|Any CPU.Build.0 = Release|Any CPU
	EndGlobalSection
	GlobalSection(SolutionProperties) = preSolution
		HideSolutionNode = FALSE
	EndGlobalSection
EndGlobal
