
Microsoft Visual Studio Solution File, Format Version 11.00
# Visual Studio 2010
Project("{FAE04EC0-301F-11D3-BF4B-00C04F79EFBC}") = "UniRx", "UniRx.csproj", "{39AE5D9F-0228-5A62-3A95-ED15ACD5507B}"
EndProject
Project("{FAE04EC0-301F-11D3-BF4B-00C04F79EFBC}") = "QFramework.Runtime", "QFramework.Runtime.csproj", "{2AEF31BB-F085-1E6A-CB2B-3AF5097CC77A}"
EndProject
Project("{FAE04EC0-301F-11D3-BF4B-00C04F79EFBC}") = "Assembly-CSharp", "Assembly-CSharp.csproj", "{4EBCDE7D-1748-2E4D-7704-13496F9F7063}"
EndProject
Project("{FAE04EC0-301F-11D3-BF4B-00C04F79EFBC}") = "QF.Redux", "QF.Redux.csproj", "{3ECDC09D-32AF-C822-671C-852D08F1BB2A}"
EndProject
Project("{FAE04EC0-301F-11D3-BF4B-00C04F79EFBC}") = "Assembly-CSharp-Editor", "Assembly-CSharp-Editor.csproj", "{83546381-7DD4-A9AA-2350-043BA1042C0E}"
EndProject
Global
	GlobalSection(SolutionConfigurationPlatforms) = preSolution
		Debug|Any CPU = Debug|Any CPU
		Release|Any CPU = Release|Any CPU
	EndGlobalSection
	GlobalSection(ProjectConfigurationPlatforms) = postSolution
		{39AE5D9F-0228-5A62-3A95-ED15ACD5507B}.Debug|Any CPU.ActiveCfg = Debug|Any CPU
		{39AE5D9F-0228-5A62-3A95-ED15ACD5507B}.Debug|Any CPU.Build.0 = Debug|Any CPU
		{39AE5D9F-0228-5A62-3A95-ED15ACD5507B}.Release|Any CPU.ActiveCfg = Release|Any CPU
		{39AE5D9F-0228-5A62-3A95-ED15ACD5507B}.Release|Any CPU.Build.0 = Release|Any CPU
		{2AEF31BB-F085-1E6A-CB2B-3AF5097CC77A}.Debug|Any CPU.ActiveCfg = Debug|Any CPU
		{2AEF31BB-F085-1E6A-CB2B-3AF5097CC77A}.Debug|Any CPU.Build.0 = Debug|Any CPU
		{2AEF31BB-F085-1E6A-CB2B-3AF5097CC77A}.Release|Any CPU.ActiveCfg = Release|Any CPU
		{2AEF31BB-F085-1E6A-CB2B-3AF5097CC77A}.Release|Any CPU.Build.0 = Release|Any CPU
		{4EBCDE7D-1748-2E4D-7704-13496F9F7063}.Debug|Any CPU.ActiveCfg = Debug|Any CPU
		{4EBCDE7D-1748-2E4D-7704-13496F9F7063}.Debug|Any CPU.Build.0 = Debug|Any CPU
		{4EBCDE7D-1748-2E4D-7704-13496F9F7063}.Release|Any CPU.ActiveCfg = Release|Any CPU
		{4EBCDE7D-1748-2E4D-7704-13496F9F7063}.Release|Any CPU.Build.0 = Release|Any CPU
		{3ECDC09D-32AF-C822-671C-852D08F1BB2A}.Debug|Any CPU.ActiveCfg = Debug|Any CPU
		{3ECDC09D-32AF-C822-671C-852D08F1BB2A}.Debug|Any CPU.Build.0 = Debug|Any CPU
		{3ECDC09D-32AF-C822-671C-852D08F1BB2A}.Release|Any CPU.ActiveCfg = Release|Any CPU
		{3ECDC09D-32AF-C822-671C-852D08F1BB2A}.Release|Any CPU.Build.0 = Release|Any CPU
		{83546381-7DD4-A9AA-2350-043BA1042C0E}.Debug|Any CPU.ActiveCfg = Debug|Any CPU
		{83546381-7DD4-A9AA-2350-043BA1042C0E}.Debug|Any CPU.Build.0 = Debug|Any CPU
		{83546381-7DD4-A9AA-2350-043BA1042C0E}.Release|Any CPU.ActiveCfg = Release|Any CPU
		{83546381-7DD4-A9AA-2350-043BA1042C0E}.Release|Any CPU.Build.0 = Release|Any CPU
	EndGlobalSection
	GlobalSection(SolutionProperties) = preSolution
		HideSolutionNode = FALSE
	EndGlobalSection
	GlobalSection(MonoDevelopProperties) = preSolution
		StartupItem = Assembly-CSharp.csproj
	EndGlobalSection
EndGlobal
