
Microsoft Visual Studio Solution File, Format Version 11.00
# Visual Studio 2010
Project("{FAE04EC0-301F-11D3-BF4B-00C04F79EFBC}") = "UniRx", "UniRx.csproj", "{1C968162-072D-2699-6FD0-0FD0B326A5C0}"
EndProject
Project("{FAE04EC0-301F-11D3-BF4B-00C04F79EFBC}") = "QFramework.Core", "QFramework.Core.csproj", "{79C7A124-64F2-E202-215A-E1B198387E82}"
EndProject
Project("{FAE04EC0-301F-11D3-BF4B-00C04F79EFBC}") = "Assembly-CSharp", "Assembly-CSharp.csproj", "{5ABBFF1B-48BD-8A6F-E216-960A296E214A}"
EndProject
Project("{FAE04EC0-301F-11D3-BF4B-00C04F79EFBC}") = "QFramework.ResKit", "QFramework.ResKit.csproj", "{07B3AD7E-57D9-4067-0B65-4702C15D1C1F}"
EndProject
Project("{FAE04EC0-301F-11D3-BF4B-00C04F79EFBC}") = "QFramework.ActionKit", "QFramework.ActionKit.csproj", "{62CCFA55-103C-C165-9E25-BE16D4F79D9E}"
EndProject
Project("{FAE04EC0-301F-11D3-BF4B-00C04F79EFBC}") = "QFramework.UIKit", "QFramework.UIKit.csproj", "{4FC62629-47F0-AC2B-CC17-2C19ACA56C05}"
EndProject
Project("{FAE04EC0-301F-11D3-BF4B-00C04F79EFBC}") = "QFramework.AudioKit", "QFramework.AudioKit.csproj", "{4D4FCB20-277C-74C1-F25F-D9DEE32EBD90}"
EndProject
Project("{FAE04EC0-301F-11D3-BF4B-00C04F79EFBC}") = "QFramework", "QFramework.csproj", "{2965B48A-E2BF-64D3-202E-8818A00A9542}"
EndProject
Project("{FAE04EC0-301F-11D3-BF4B-00C04F79EFBC}") = "QFramework.Core.Editor", "QFramework.Core.Editor.csproj", "{A03D78FB-9628-D2CE-6A80-C756A95CAD48}"
EndProject
Project("{FAE04EC0-301F-11D3-BF4B-00C04F79EFBC}") = "QFramework.ActionKit.Editor", "QFramework.ActionKit.Editor.csproj", "{AFE3E305-3475-AA28-EDB8-7A17D5EF0FA9}"
EndProject
Project("{FAE04EC0-301F-11D3-BF4B-00C04F79EFBC}") = "QFramework.UIKit.Editor", "QFramework.UIKit.Editor.csproj", "{5B54DA1B-9E48-EF1A-7187-DC8F70C1B8F6}"
EndProject
Project("{FAE04EC0-301F-11D3-BF4B-00C04F79EFBC}") = "QFramework.ResKit.Editor", "QFramework.ResKit.Editor.csproj", "{FC9636A4-2C06-0F34-266B-079B4CD9A429}"
EndProject
Project("{FAE04EC0-301F-11D3-BF4B-00C04F79EFBC}") = "Assembly-CSharp-Editor", "Assembly-CSharp-Editor.csproj", "{3B2A83E9-FAC2-E220-53EF-997616B3FA2D}"
EndProject
Global
	GlobalSection(SolutionConfigurationPlatforms) = preSolution
		Debug|Any CPU = Debug|Any CPU
		Release|Any CPU = Release|Any CPU
	EndGlobalSection
	GlobalSection(ProjectConfigurationPlatforms) = postSolution
		{1C968162-072D-2699-6FD0-0FD0B326A5C0}.Debug|Any CPU.ActiveCfg = Debug|Any CPU
		{1C968162-072D-2699-6FD0-0FD0B326A5C0}.Debug|Any CPU.Build.0 = Debug|Any CPU
		{1C968162-072D-2699-6FD0-0FD0B326A5C0}.Release|Any CPU.ActiveCfg = Release|Any CPU
		{1C968162-072D-2699-6FD0-0FD0B326A5C0}.Release|Any CPU.Build.0 = Release|Any CPU
		{79C7A124-64F2-E202-215A-E1B198387E82}.Debug|Any CPU.ActiveCfg = Debug|Any CPU
		{79C7A124-64F2-E202-215A-E1B198387E82}.Debug|Any CPU.Build.0 = Debug|Any CPU
		{79C7A124-64F2-E202-215A-E1B198387E82}.Release|Any CPU.ActiveCfg = Release|Any CPU
		{79C7A124-64F2-E202-215A-E1B198387E82}.Release|Any CPU.Build.0 = Release|Any CPU
		{5ABBFF1B-48BD-8A6F-E216-960A296E214A}.Debug|Any CPU.ActiveCfg = Debug|Any CPU
		{5ABBFF1B-48BD-8A6F-E216-960A296E214A}.Debug|Any CPU.Build.0 = Debug|Any CPU
		{5ABBFF1B-48BD-8A6F-E216-960A296E214A}.Release|Any CPU.ActiveCfg = Release|Any CPU
		{5ABBFF1B-48BD-8A6F-E216-960A296E214A}.Release|Any CPU.Build.0 = Release|Any CPU
		{07B3AD7E-57D9-4067-0B65-4702C15D1C1F}.Debug|Any CPU.ActiveCfg = Debug|Any CPU
		{07B3AD7E-57D9-4067-0B65-4702C15D1C1F}.Debug|Any CPU.Build.0 = Debug|Any CPU
		{07B3AD7E-57D9-4067-0B65-4702C15D1C1F}.Release|Any CPU.ActiveCfg = Release|Any CPU
		{07B3AD7E-57D9-4067-0B65-4702C15D1C1F}.Release|Any CPU.Build.0 = Release|Any CPU
		{62CCFA55-103C-C165-9E25-BE16D4F79D9E}.Debug|Any CPU.ActiveCfg = Debug|Any CPU
		{62CCFA55-103C-C165-9E25-BE16D4F79D9E}.Debug|Any CPU.Build.0 = Debug|Any CPU
		{62CCFA55-103C-C165-9E25-BE16D4F79D9E}.Release|Any CPU.ActiveCfg = Release|Any CPU
		{62CCFA55-103C-C165-9E25-BE16D4F79D9E}.Release|Any CPU.Build.0 = Release|Any CPU
		{4FC62629-47F0-AC2B-CC17-2C19ACA56C05}.Debug|Any CPU.ActiveCfg = Debug|Any CPU
		{4FC62629-47F0-AC2B-CC17-2C19ACA56C05}.Debug|Any CPU.Build.0 = Debug|Any CPU
		{4FC62629-47F0-AC2B-CC17-2C19ACA56C05}.Release|Any CPU.ActiveCfg = Release|Any CPU
		{4FC62629-47F0-AC2B-CC17-2C19ACA56C05}.Release|Any CPU.Build.0 = Release|Any CPU
		{4D4FCB20-277C-74C1-F25F-D9DEE32EBD90}.Debug|Any CPU.ActiveCfg = Debug|Any CPU
		{4D4FCB20-277C-74C1-F25F-D9DEE32EBD90}.Debug|Any CPU.Build.0 = Debug|Any CPU
		{4D4FCB20-277C-74C1-F25F-D9DEE32EBD90}.Release|Any CPU.ActiveCfg = Release|Any CPU
		{4D4FCB20-277C-74C1-F25F-D9DEE32EBD90}.Release|Any CPU.Build.0 = Release|Any CPU
		{2965B48A-E2BF-64D3-202E-8818A00A9542}.Debug|Any CPU.ActiveCfg = Debug|Any CPU
		{2965B48A-E2BF-64D3-202E-8818A00A9542}.Debug|Any CPU.Build.0 = Debug|Any CPU
		{2965B48A-E2BF-64D3-202E-8818A00A9542}.Release|Any CPU.ActiveCfg = Release|Any CPU
		{2965B48A-E2BF-64D3-202E-8818A00A9542}.Release|Any CPU.Build.0 = Release|Any CPU
		{A03D78FB-9628-D2CE-6A80-C756A95CAD48}.Debug|Any CPU.ActiveCfg = Debug|Any CPU
		{A03D78FB-9628-D2CE-6A80-C756A95CAD48}.Debug|Any CPU.Build.0 = Debug|Any CPU
		{A03D78FB-9628-D2CE-6A80-C756A95CAD48}.Release|Any CPU.ActiveCfg = Release|Any CPU
		{A03D78FB-9628-D2CE-6A80-C756A95CAD48}.Release|Any CPU.Build.0 = Release|Any CPU
		{AFE3E305-3475-AA28-EDB8-7A17D5EF0FA9}.Debug|Any CPU.ActiveCfg = Debug|Any CPU
		{AFE3E305-3475-AA28-EDB8-7A17D5EF0FA9}.Debug|Any CPU.Build.0 = Debug|Any CPU
		{AFE3E305-3475-AA28-EDB8-7A17D5EF0FA9}.Release|Any CPU.ActiveCfg = Release|Any CPU
		{AFE3E305-3475-AA28-EDB8-7A17D5EF0FA9}.Release|Any CPU.Build.0 = Release|Any CPU
		{5B54DA1B-9E48-EF1A-7187-DC8F70C1B8F6}.Debug|Any CPU.ActiveCfg = Debug|Any CPU
		{5B54DA1B-9E48-EF1A-7187-DC8F70C1B8F6}.Debug|Any CPU.Build.0 = Debug|Any CPU
		{5B54DA1B-9E48-EF1A-7187-DC8F70C1B8F6}.Release|Any CPU.ActiveCfg = Release|Any CPU
		{5B54DA1B-9E48-EF1A-7187-DC8F70C1B8F6}.Release|Any CPU.Build.0 = Release|Any CPU
		{FC9636A4-2C06-0F34-266B-079B4CD9A429}.Debug|Any CPU.ActiveCfg = Debug|Any CPU
		{FC9636A4-2C06-0F34-266B-079B4CD9A429}.Debug|Any CPU.Build.0 = Debug|Any CPU
		{FC9636A4-2C06-0F34-266B-079B4CD9A429}.Release|Any CPU.ActiveCfg = Release|Any CPU
		{FC9636A4-2C06-0F34-266B-079B4CD9A429}.Release|Any CPU.Build.0 = Release|Any CPU
		{3B2A83E9-FAC2-E220-53EF-997616B3FA2D}.Debug|Any CPU.ActiveCfg = Debug|Any CPU
		{3B2A83E9-FAC2-E220-53EF-997616B3FA2D}.Debug|Any CPU.Build.0 = Debug|Any CPU
		{3B2A83E9-FAC2-E220-53EF-997616B3FA2D}.Release|Any CPU.ActiveCfg = Release|Any CPU
		{3B2A83E9-FAC2-E220-53EF-997616B3FA2D}.Release|Any CPU.Build.0 = Release|Any CPU
	EndGlobalSection
	GlobalSection(SolutionProperties) = preSolution
		HideSolutionNode = FALSE
	EndGlobalSection
	GlobalSection(MonoDevelopProperties) = preSolution
		StartupItem = Assembly-CSharp.csproj
	EndGlobalSection
EndGlobal
