
Microsoft Visual Studio Solution File, Format Version 12.00
# Visual Studio 2012
Project("{FAE04EC0-301F-11D3-BF4B-00C04F79EFBC}") = "QFramework.Log", "QFramework.Log\QFramework.Log.csproj", "{2FB99A8D-FD1D-44C5-B03F-9D51AEB51873}"
EndProject
Project("{5DD5E4FA-CB73-4610-85AB-557B54E96AA9}") = "QFramework.Core", "QFramework.Core\QFramework.Core.nuproj", "{E2379E47-1E9C-468B-860E-011BB4C9EB5A}"
EndProject
Global
	GlobalSection(SolutionConfigurationPlatforms) = preSolution
		Debug|Any CPU = Debug|Any CPU
		Release|Any CPU = Release|Any CPU
	EndGlobalSection
	GlobalSection(ProjectConfigurationPlatforms) = postSolution
		{2FB99A8D-FD1D-44C5-B03F-9D51AEB51873}.Debug|Any CPU.ActiveCfg = Debug|Any CPU
		{2FB99A8D-FD1D-44C5-B03F-9D51AEB51873}.Debug|Any CPU.Build.0 = Debug|Any CPU
		{2FB99A8D-FD1D-44C5-B03F-9D51AEB51873}.Release|Any CPU.ActiveCfg = Release|Any CPU
		{2FB99A8D-FD1D-44C5-B03F-9D51AEB51873}.Release|Any CPU.Build.0 = Release|Any CPU
		{E2379E47-1E9C-468B-860E-011BB4C9EB5A}.Debug|Any CPU.ActiveCfg = Debug|Any CPU
		{E2379E47-1E9C-468B-860E-011BB4C9EB5A}.Debug|Any CPU.Build.0 = Debug|Any CPU
		{E2379E47-1E9C-468B-860E-011BB4C9EB5A}.Release|Any CPU.ActiveCfg = Release|Any CPU
		{E2379E47-1E9C-468B-860E-011BB4C9EB5A}.Release|Any CPU.Build.0 = Release|Any CPU
	EndGlobalSection
EndGlobal
