
Microsoft Visual Studio Solution File, Format Version 12.00
# Visual Studio 2012
Project("{FAE04EC0-301F-11D3-BF4B-00C04F79EFBC}") = "QFramework", "QFramework.csproj", "{9C0A429B-EC12-4F8F-81BD-43B98486A7A3}"
EndProject
Global
	GlobalSection(SolutionConfigurationPlatforms) = preSolution
		Debug|Any CPU = Debug|Any CPU
		Release|Any CPU = Release|Any CPU
	EndGlobalSection
	GlobalSection(ProjectConfigurationPlatforms) = postSolution
		{9C0A429B-EC12-4F8F-81BD-43B98486A7A3}.Debug|Any CPU.ActiveCfg = Debug|Any CPU
		{9C0A429B-EC12-4F8F-81BD-43B98486A7A3}.Debug|Any CPU.Build.0 = Debug|Any CPU
		{9C0A429B-EC12-4F8F-81BD-43B98486A7A3}.Release|Any CPU.ActiveCfg = Release|Any CPU
		{9C0A429B-EC12-4F8F-81BD-43B98486A7A3}.Release|Any CPU.Build.0 = Release|Any CPU
	EndGlobalSection
	GlobalSection(MonoDevelopProperties) = preSolution
		outputpath = ../../../QFramework/
		Policies = $0
		$0.DotNetNamingPolicy = $1
		$1.DirectoryNamespaceAssociation = PrefixedHierarchical
		$0.StandardHeader = $2
		$0.TextStylePolicy = $3
		$3.inheritsSet = null
		$3.scope = text/x-csharp
		$0.CSharpFormattingPolicy = $4
		$4.scope = text/x-csharp
		$0.TextStylePolicy = $5
		$5.FileWidth = 80
		$5.TabsToSpaces = True
		$5.scope = text/plain
	EndGlobalSection
EndGlobal
