
Microsoft Visual Studio Solution File, Format Version 11.00
# Visual Studio 2010
Project("{FAE04EC0-301F-11D3-BF4B-00C04F79EFBC}") = "QFramework.Runtime", "QFramework.Runtime.csproj", "{B5BDB6D8-26EE-AF29-5A79-82F2D2314E07}"
EndProject
Project("{FAE04EC0-301F-11D3-BF4B-00C04F79EFBC}") = "Assembly-CSharp", "Assembly-CSharp.csproj", "{37F1787A-E6B9-F33E-5F19-6AF12362919B}"
EndProject
Project("{FAE04EC0-301F-11D3-BF4B-00C04F79EFBC}") = "Assembly-CSharp-Editor", "Assembly-CSharp-Editor.csproj", "{AC045BE3-CC23-C5C3-B50D-D304F457F3DC}"
EndProject
Global
	GlobalSection(SolutionConfigurationPlatforms) = preSolution
		Debug|Any CPU = Debug|Any CPU
		Release|Any CPU = Release|Any CPU
	EndGlobalSection
	GlobalSection(ProjectConfigurationPlatforms) = postSolution
		{B5BDB6D8-26EE-AF29-5A79-82F2D2314E07}.Debug|Any CPU.ActiveCfg = Debug|Any CPU
		{B5BDB6D8-26EE-AF29-5A79-82F2D2314E07}.Debug|Any CPU.Build.0 = Debug|Any CPU
		{B5BDB6D8-26EE-AF29-5A79-82F2D2314E07}.Release|Any CPU.ActiveCfg = Release|Any CPU
		{B5BDB6D8-26EE-AF29-5A79-82F2D2314E07}.Release|Any CPU.Build.0 = Release|Any CPU
		{37F1787A-E6B9-F33E-5F19-6AF12362919B}.Debug|Any CPU.ActiveCfg = Debug|Any CPU
		{37F1787A-E6B9-F33E-5F19-6AF12362919B}.Debug|Any CPU.Build.0 = Debug|Any CPU
		{37F1787A-E6B9-F33E-5F19-6AF12362919B}.Release|Any CPU.ActiveCfg = Release|Any CPU
		{37F1787A-E6B9-F33E-5F19-6AF12362919B}.Release|Any CPU.Build.0 = Release|Any CPU
		{AC045BE3-CC23-C5C3-B50D-D304F457F3DC}.Debug|Any CPU.ActiveCfg = Debug|Any CPU
		{AC045BE3-CC23-C5C3-B50D-D304F457F3DC}.Debug|Any CPU.Build.0 = Debug|Any CPU
		{AC045BE3-CC23-C5C3-B50D-D304F457F3DC}.Release|Any CPU.ActiveCfg = Release|Any CPU
		{AC045BE3-CC23-C5C3-B50D-D304F457F3DC}.Release|Any CPU.Build.0 = Release|Any CPU
	EndGlobalSection
	GlobalSection(SolutionProperties) = preSolution
		HideSolutionNode = FALSE
	EndGlobalSection
	GlobalSection(MonoDevelopProperties) = preSolution
		StartupItem = Assembly-CSharp.csproj
	EndGlobalSection
EndGlobal
